
Microsoft Visual Studio Solution File, Format Version 12.00
# Visual Studio 15
VisualStudioVersion = 15.0.26124.0
MinimumVisualStudioVersion = 15.0.26124.0
Project("{FAE04EC0-301F-11D3-BF4B-00C04F79EFBC}") = "ProAgil.WebAPI", "ProAgil.WebAPI\ProAgil.WebAPI.csproj", "{9A7179B0-7B1D-4B07-AAAA-C521705AD176}"
EndProject
Project("{FAE04EC0-301F-11D3-BF4B-00C04F79EFBC}") = "ProAgil.Repository", "ProAgil.Repository\ProAgil.Repository.csproj", "{082783BB-4503-436E-8786-20A70F7EA8AE}"
EndProject
Project("{FAE04EC0-301F-11D3-BF4B-00C04F79EFBC}") = "ProAgil.Domain", "ProAgil.Domain\ProAgil.Domain.csproj", "{86146E80-CF2D-431E-A8A5-7AB51433C0C7}"
EndProject
Global
	GlobalSection(SolutionConfigurationPlatforms) = preSolution
		Debug|Any CPU = Debug|Any CPU
		Debug|x64 = Debug|x64
		Debug|x86 = Debug|x86
		Release|Any CPU = Release|Any CPU
		Release|x64 = Release|x64
		Release|x86 = Release|x86
	EndGlobalSection
	GlobalSection(SolutionProperties) = preSolution
		HideSolutionNode = FALSE
	EndGlobalSection
	GlobalSection(ProjectConfigurationPlatforms) = postSolution
		{9A7179B0-7B1D-4B07-AAAA-C521705AD176}.Debug|Any CPU.ActiveCfg = Debug|Any CPU
		{9A7179B0-7B1D-4B07-AAAA-C521705AD176}.Debug|Any CPU.Build.0 = Debug|Any CPU
		{9A7179B0-7B1D-4B07-AAAA-C521705AD176}.Debug|x64.ActiveCfg = Debug|Any CPU
		{9A7179B0-7B1D-4B07-AAAA-C521705AD176}.Debug|x64.Build.0 = Debug|Any CPU
		{9A7179B0-7B1D-4B07-AAAA-C521705AD176}.Debug|x86.ActiveCfg = Debug|Any CPU
		{9A7179B0-7B1D-4B07-AAAA-C521705AD176}.Debug|x86.Build.0 = Debug|Any CPU
		{9A7179B0-7B1D-4B07-AAAA-C521705AD176}.Release|Any CPU.ActiveCfg = Release|Any CPU
		{9A7179B0-7B1D-4B07-AAAA-C521705AD176}.Release|Any CPU.Build.0 = Release|Any CPU
		{9A7179B0-7B1D-4B07-AAAA-C521705AD176}.Release|x64.ActiveCfg = Release|Any CPU
		{9A7179B0-7B1D-4B07-AAAA-C521705AD176}.Release|x64.Build.0 = Release|Any CPU
		{9A7179B0-7B1D-4B07-AAAA-C521705AD176}.Release|x86.ActiveCfg = Release|Any CPU
		{9A7179B0-7B1D-4B07-AAAA-C521705AD176}.Release|x86.Build.0 = Release|Any CPU
		{082783BB-4503-436E-8786-20A70F7EA8AE}.Debug|Any CPU.ActiveCfg = Debug|Any CPU
		{082783BB-4503-436E-8786-20A70F7EA8AE}.Debug|Any CPU.Build.0 = Debug|Any CPU
		{082783BB-4503-436E-8786-20A70F7EA8AE}.Debug|x64.ActiveCfg = Debug|Any CPU
		{082783BB-4503-436E-8786-20A70F7EA8AE}.Debug|x64.Build.0 = Debug|Any CPU
		{082783BB-4503-436E-8786-20A70F7EA8AE}.Debug|x86.ActiveCfg = Debug|Any CPU
		{082783BB-4503-436E-8786-20A70F7EA8AE}.Debug|x86.Build.0 = Debug|Any CPU
		{082783BB-4503-436E-8786-20A70F7EA8AE}.Release|Any CPU.ActiveCfg = Release|Any CPU
		{082783BB-4503-436E-8786-20A70F7EA8AE}.Release|Any CPU.Build.0 = Release|Any CPU
		{082783BB-4503-436E-8786-20A70F7EA8AE}.Release|x64.ActiveCfg = Release|Any CPU
		{082783BB-4503-436E-8786-20A70F7EA8AE}.Release|x64.Build.0 = Release|Any CPU
		{082783BB-4503-436E-8786-20A70F7EA8AE}.Release|x86.ActiveCfg = Release|Any CPU
		{082783BB-4503-436E-8786-20A70F7EA8AE}.Release|x86.Build.0 = Release|Any CPU
		{86146E80-CF2D-431E-A8A5-7AB51433C0C7}.Debug|Any CPU.ActiveCfg = Debug|Any CPU
		{86146E80-CF2D-431E-A8A5-7AB51433C0C7}.Debug|Any CPU.Build.0 = Debug|Any CPU
		{86146E80-CF2D-431E-A8A5-7AB51433C0C7}.Debug|x64.ActiveCfg = Debug|Any CPU
		{86146E80-CF2D-431E-A8A5-7AB51433C0C7}.Debug|x64.Build.0 = Debug|Any CPU
		{86146E80-CF2D-431E-A8A5-7AB51433C0C7}.Debug|x86.ActiveCfg = Debug|Any CPU
		{86146E80-CF2D-431E-A8A5-7AB51433C0C7}.Debug|x86.Build.0 = Debug|Any CPU
		{86146E80-CF2D-431E-A8A5-7AB51433C0C7}.Release|Any CPU.ActiveCfg = Release|Any CPU
		{86146E80-CF2D-431E-A8A5-7AB51433C0C7}.Release|Any CPU.Build.0 = Release|Any CPU
		{86146E80-CF2D-431E-A8A5-7AB51433C0C7}.Release|x64.ActiveCfg = Release|Any CPU
		{86146E80-CF2D-431E-A8A5-7AB51433C0C7}.Release|x64.Build.0 = Release|Any CPU
		{86146E80-CF2D-431E-A8A5-7AB51433C0C7}.Release|x86.ActiveCfg = Release|Any CPU
		{86146E80-CF2D-431E-A8A5-7AB51433C0C7}.Release|x86.Build.0 = Release|Any CPU
	EndGlobalSection
EndGlobal
